
Microsoft Visual Studio Solution File, Format Version 12.00
# Visual Studio Version 17
VisualStudioVersion = 17.12.35707.178
MinimumVisualStudioVersion = 10.0.40219.1
Project("{FAE04EC0-301F-11D3-BF4B-00C04F79EFBC}") = "ShopMe.DataAccess", "ShopMe.Data\ShopMe.DataAccess.csproj", "{DBECC8CE-6B23-493E-BED2-75E78C36BC94}"
EndProject
Project("{FAE04EC0-301F-11D3-BF4B-00C04F79EFBC}") = "ShopMe.Entities", "ShopMe.Entities\ShopMe.Entities.csproj", "{43CE6746-776D-421E-9250-989D629EFA5F}"
EndProject
Project("{FAE04EC0-301F-11D3-BF4B-00C04F79EFBC}") = "ShopMe.Web", "ShopMe.Web\ShopMe.Web.csproj", "{CDCCAD02-1C56-44F9-9A3A-C89A5BEC44A5}"
EndProject
Global
	GlobalSection(SolutionConfigurationPlatforms) = preSolution
		Debug|Any CPU = Debug|Any CPU
		Release|Any CPU = Release|Any CPU
	EndGlobalSection
	GlobalSection(ProjectConfigurationPlatforms) = postSolution
		{DBECC8CE-6B23-493E-BED2-75E78C36BC94}.Debug|Any CPU.ActiveCfg = Debug|Any CPU
		{DBECC8CE-6B23-493E-BED2-75E78C36BC94}.Debug|Any CPU.Build.0 = Debug|Any CPU
		{DBECC8CE-6B23-493E-BED2-75E78C36BC94}.Release|Any CPU.ActiveCfg = Release|Any CPU
		{DBECC8CE-6B23-493E-BED2-75E78C36BC94}.Release|Any CPU.Build.0 = Release|Any CPU
		{43CE6746-776D-421E-9250-989D629EFA5F}.Debug|Any CPU.ActiveCfg = Debug|Any CPU
		{43CE6746-776D-421E-9250-989D629EFA5F}.Debug|Any CPU.Build.0 = Debug|Any CPU
		{43CE6746-776D-421E-9250-989D629EFA5F}.Release|Any CPU.ActiveCfg = Release|Any CPU
		{43CE6746-776D-421E-9250-989D629EFA5F}.Release|Any CPU.Build.0 = Release|Any CPU
		{CDCCAD02-1C56-44F9-9A3A-C89A5BEC44A5}.Debug|Any CPU.ActiveCfg = Debug|Any CPU
		{CDCCAD02-1C56-44F9-9A3A-C89A5BEC44A5}.Debug|Any CPU.Build.0 = Debug|Any CPU
		{CDCCAD02-1C56-44F9-9A3A-C89A5BEC44A5}.Release|Any CPU.ActiveCfg = Release|Any CPU
		{CDCCAD02-1C56-44F9-9A3A-C89A5BEC44A5}.Release|Any CPU.Build.0 = Release|Any CPU
	EndGlobalSection
	GlobalSection(SolutionProperties) = preSolution
		HideSolutionNode = FALSE
	EndGlobalSection
EndGlobal
